// !$*UTF8*$!
{
	archiveVersion = 1;
	classes = {
	};
	objectVersion = 56;
	objects = {

/* Begin PBXBuildFile section */
		C603DD552875602500AE3359 /* FileThumbnail.swift in Sources */ = {isa = PBXBuildFile; fileRef = C603DD542875602500AE3359 /* FileThumbnail.swift */; };
		C6047D89289666C100F7E5DB /* FileHelper.swift in Sources */ = {isa = PBXBuildFile; fileRef = C6047D88289666C100F7E5DB /* FileHelper.swift */; };
		C6047D8C2896711000F7E5DB /* SnapshotCreator.swift in Sources */ = {isa = PBXBuildFile; fileRef = C6047D8B2896711000F7E5DB /* SnapshotCreator.swift */; };
		C6270CA8287B424E0017301E /* KdeController.swift in Sources */ = {isa = PBXBuildFile; fileRef = C6270CA7287B424E0017301E /* KdeController.swift */; };
		C62B1E75287491320082D23D /* TricksHighlighterApp.swift in Sources */ = {isa = PBXBuildFile; fileRef = C62B1E74287491320082D23D /* TricksHighlighterApp.swift */; };
		C62B1E77287491320082D23D /* ContentView.swift in Sources */ = {isa = PBXBuildFile; fileRef = C62B1E76287491320082D23D /* ContentView.swift */; };
		C62B1E79287491320082D23D /* Assets.xcassets in Resources */ = {isa = PBXBuildFile; fileRef = C62B1E78287491320082D23D /* Assets.xcassets */; };
		C62B1E7D287491320082D23D /* Preview Assets.xcassets in Resources */ = {isa = PBXBuildFile; fileRef = C62B1E7C287491320082D23D /* Preview Assets.xcassets */; };
		C62B1E8428749D690082D23D /* CodeWindowView.swift in Sources */ = {isa = PBXBuildFile; fileRef = C62B1E8328749D690082D23D /* CodeWindowView.swift */; };
		C62B1E872874AEA00082D23D /* MacController.swift in Sources */ = {isa = PBXBuildFile; fileRef = C62B1E862874AEA00082D23D /* MacController.swift */; };
		C62B1E892874AECD0082D23D /* MSWindowsController.swift in Sources */ = {isa = PBXBuildFile; fileRef = C62B1E882874AECD0082D23D /* MSWindowsController.swift */; };
		C62B1E8B2874AF1C0082D23D /* WindowController.swift in Sources */ = {isa = PBXBuildFile; fileRef = C62B1E8A2874AF1C0082D23D /* WindowController.swift */; };
		C6A9ED632956FA2D0025CE08 /* CodeEditor in Frameworks */ = {isa = PBXBuildFile; productRef = C6A9ED622956FA2D0025CE08 /* CodeEditor */; };
/* End PBXBuildFile section */

/* Begin PBXFileReference section */
		C603DD542875602500AE3359 /* FileThumbnail.swift */ = {isa = PBXFileReference; lastKnownFileType = sourcecode.swift; path = FileThumbnail.swift; sourceTree = "<group>"; };
		C6047D88289666C100F7E5DB /* FileHelper.swift */ = {isa = PBXFileReference; lastKnownFileType = sourcecode.swift; path = FileHelper.swift; sourceTree = "<group>"; };
		C6047D8B2896711000F7E5DB /* SnapshotCreator.swift */ = {isa = PBXFileReference; lastKnownFileType = sourcecode.swift; path = SnapshotCreator.swift; sourceTree = "<group>"; };
		C6270CA7287B424E0017301E /* KdeController.swift */ = {isa = PBXFileReference; lastKnownFileType = sourcecode.swift; path = KdeController.swift; sourceTree = "<group>"; };
		C62B1E71287491320082D23D /* TricksHighlighter.app */ = {isa = PBXFileReference; explicitFileType = wrapper.application; includeInIndex = 0; path = TricksHighlighter.app; sourceTree = BUILT_PRODUCTS_DIR; };
		C62B1E74287491320082D23D /* TricksHighlighterApp.swift */ = {isa = PBXFileReference; lastKnownFileType = sourcecode.swift; path = TricksHighlighterApp.swift; sourceTree = "<group>"; };
		C62B1E76287491320082D23D /* ContentView.swift */ = {isa = PBXFileReference; lastKnownFileType = sourcecode.swift; path = ContentView.swift; sourceTree = "<group>"; };
		C62B1E78287491320082D23D /* Assets.xcassets */ = {isa = PBXFileReference; lastKnownFileType = folder.assetcatalog; path = Assets.xcassets; sourceTree = "<group>"; };
		C62B1E7A287491320082D23D /* TricksHighlighter.entitlements */ = {isa = PBXFileReference; lastKnownFileType = text.plist.entitlements; path = TricksHighlighter.entitlements; sourceTree = "<group>"; };
		C62B1E7C287491320082D23D /* Preview Assets.xcassets */ = {isa = PBXFileReference; lastKnownFileType = folder.assetcatalog; path = "Preview Assets.xcassets"; sourceTree = "<group>"; };
		C62B1E8328749D690082D23D /* CodeWindowView.swift */ = {isa = PBXFileReference; lastKnownFileType = sourcecode.swift; path = CodeWindowView.swift; sourceTree = "<group>"; };
		C62B1E862874AEA00082D23D /* MacController.swift */ = {isa = PBXFileReference; lastKnownFileType = sourcecode.swift; path = MacController.swift; sourceTree = "<group>"; };
		C62B1E882874AECD0082D23D /* MSWindowsController.swift */ = {isa = PBXFileReference; lastKnownFileType = sourcecode.swift; path = MSWindowsController.swift; sourceTree = "<group>"; };
		C62B1E8A2874AF1C0082D23D /* WindowController.swift */ = {isa = PBXFileReference; lastKnownFileType = sourcecode.swift; path = WindowController.swift; sourceTree = "<group>"; };
/* End PBXFileReference section */

/* Begin PBXFrameworksBuildPhase section */
		C62B1E6E287491320082D23D /* Frameworks */ = {
			isa = PBXFrameworksBuildPhase;
			buildActionMask = 2147483647;
			files = (
				C6A9ED632956FA2D0025CE08 /* CodeEditor in Frameworks */,
			);
			runOnlyForDeploymentPostprocessing = 0;
		};
/* End PBXFrameworksBuildPhase section */

/* Begin PBXGroup section */
		C6047D8A289670FC00F7E5DB /* Components */ = {
			isa = PBXGroup;
			children = (
				C6047D88289666C100F7E5DB /* FileHelper.swift */,
				C6047D8B2896711000F7E5DB /* SnapshotCreator.swift */,
			);
			path = Components;
			sourceTree = "<group>";
		};
		C62B1E68287491320082D23D = {
			isa = PBXGroup;
			children = (
				C62B1E73287491320082D23D /* TricksHighlighter */,
				C62B1E72287491320082D23D /* Products */,
			);
			sourceTree = "<group>";
		};
		C62B1E72287491320082D23D /* Products */ = {
			isa = PBXGroup;
			children = (
				C62B1E71287491320082D23D /* TricksHighlighter.app */,
			);
			name = Products;
			sourceTree = "<group>";
		};
		C62B1E73287491320082D23D /* TricksHighlighter */ = {
			isa = PBXGroup;
			children = (
				C6047D8A289670FC00F7E5DB /* Components */,
				C62B1E7B287491320082D23D /* Preview Content */,
				C69B27F4287AB770004C5EA8 /* Resources */,
				C69B27F5287AB7DA004C5EA8 /* Views */,
				C62B1E852874AE900082D23D /* WindowControllers */,
				C62B1E74287491320082D23D /* TricksHighlighterApp.swift */,
			);
			path = TricksHighlighter;
			sourceTree = "<group>";
		};
		C62B1E7B287491320082D23D /* Preview Content */ = {
			isa = PBXGroup;
			children = (
				C62B1E7C287491320082D23D /* Preview Assets.xcassets */,
			);
			path = "Preview Content";
			sourceTree = "<group>";
		};
		C62B1E852874AE900082D23D /* WindowControllers */ = {
			isa = PBXGroup;
			children = (
				C6270CA7287B424E0017301E /* KdeController.swift */,
				C62B1E862874AEA00082D23D /* MacController.swift */,
				C62B1E882874AECD0082D23D /* MSWindowsController.swift */,
				C62B1E8A2874AF1C0082D23D /* WindowController.swift */,
			);
			path = WindowControllers;
			sourceTree = "<group>";
		};
		C69B27F4287AB770004C5EA8 /* Resources */ = {
			isa = PBXGroup;
			children = (
				C62B1E78287491320082D23D /* Assets.xcassets */,
				C62B1E7A287491320082D23D /* TricksHighlighter.entitlements */,
			);
			path = Resources;
			sourceTree = "<group>";
		};
		C69B27F5287AB7DA004C5EA8 /* Views */ = {
			isa = PBXGroup;
			children = (
				C62B1E8328749D690082D23D /* CodeWindowView.swift */,
				C62B1E76287491320082D23D /* ContentView.swift */,
				C603DD542875602500AE3359 /* FileThumbnail.swift */,
			);
			path = Views;
			sourceTree = "<group>";
		};
/* End PBXGroup section */

/* Begin PBXNativeTarget section */
		C62B1E70287491320082D23D /* TricksHighlighter */ = {
			isa = PBXNativeTarget;
			buildConfigurationList = C62B1E80287491320082D23D /* Build configuration list for PBXNativeTarget "TricksHighlighter" */;
			buildPhases = (
				C62B1E6D287491320082D23D /* Sources */,
				C62B1E6E287491320082D23D /* Frameworks */,
				C62B1E6F287491320082D23D /* Resources */,
			);
			buildRules = (
			);
			dependencies = (
			);
			name = TricksHighlighter;
			packageProductDependencies = (
				C6A9ED622956FA2D0025CE08 /* CodeEditor */,
			);
			productName = TricksHighlighter;
			productReference = C62B1E71287491320082D23D /* TricksHighlighter.app */;
			productType = "com.apple.product-type.application";
		};
/* End PBXNativeTarget section */

/* Begin PBXProject section */
		C62B1E69287491320082D23D /* Project object */ = {
			isa = PBXProject;
			attributes = {
				BuildIndependentTargetsInParallel = 1;
				LastSwiftUpdateCheck = 1400;
				LastUpgradeCheck = 1420;
				TargetAttributes = {
					C62B1E70287491320082D23D = {
						CreatedOnToolsVersion = 14.0;
					};
				};
			};
			buildConfigurationList = C62B1E6C287491320082D23D /* Build configuration list for PBXProject "TricksHighlighter" */;
			compatibilityVersion = "Xcode 14.0";
			developmentRegion = en;
			hasScannedForEncodings = 0;
			knownRegions = (
				en,
				Base,
			);
			mainGroup = C62B1E68287491320082D23D;
			packageReferences = (
				C6A9ED612956FA2D0025CE08 /* XCRemoteSwiftPackageReference "CodeEditor" */,
			);
			productRefGroup = C62B1E72287491320082D23D /* Products */;
			projectDirPath = "";
			projectRoot = "";
			targets = (
				C62B1E70287491320082D23D /* TricksHighlighter */,
			);
		};
/* End PBXProject section */

/* Begin PBXResourcesBuildPhase section */
		C62B1E6F287491320082D23D /* Resources */ = {
			isa = PBXResourcesBuildPhase;
			buildActionMask = 2147483647;
			files = (
				C62B1E7D287491320082D23D /* Preview Assets.xcassets in Resources */,
				C62B1E79287491320082D23D /* Assets.xcassets in Resources */,
			);
			runOnlyForDeploymentPostprocessing = 0;
		};
/* End PBXResourcesBuildPhase section */

/* Begin PBXSourcesBuildPhase section */
		C62B1E6D287491320082D23D /* Sources */ = {
			isa = PBXSourcesBuildPhase;
			buildActionMask = 2147483647;
			files = (
				C62B1E77287491320082D23D /* ContentView.swift in Sources */,
				C62B1E8B2874AF1C0082D23D /* WindowController.swift in Sources */,
				C6047D89289666C100F7E5DB /* FileHelper.swift in Sources */,
				C603DD552875602500AE3359 /* FileThumbnail.swift in Sources */,
				C62B1E8428749D690082D23D /* CodeWindowView.swift in Sources */,
				C62B1E892874AECD0082D23D /* MSWindowsController.swift in Sources */,
				C62B1E75287491320082D23D /* TricksHighlighterApp.swift in Sources */,
				C6270CA8287B424E0017301E /* KdeController.swift in Sources */,
				C6047D8C2896711000F7E5DB /* SnapshotCreator.swift in Sources */,
				C62B1E872874AEA00082D23D /* MacController.swift in Sources */,
			);
			runOnlyForDeploymentPostprocessing = 0;
		};
/* End PBXSourcesBuildPhase section */

/* Begin XCBuildConfiguration section */
		C62B1E7E287491320082D23D /* Debug */ = {
			isa = XCBuildConfiguration;
			buildSettings = {
				ALWAYS_SEARCH_USER_PATHS = NO;
				CLANG_ANALYZER_NONNULL = YES;
				CLANG_ANALYZER_NUMBER_OBJECT_CONVERSION = YES_AGGRESSIVE;
				CLANG_CXX_LANGUAGE_STANDARD = "gnu++17";
				CLANG_ENABLE_MODULES = YES;
				CLANG_ENABLE_OBJC_ARC = YES;
				CLANG_ENABLE_OBJC_WEAK = YES;
				CLANG_WARN_BLOCK_CAPTURE_AUTORELEASING = YES;
				CLANG_WARN_BOOL_CONVERSION = YES;
				CLANG_WARN_COMMA = YES;
				CLANG_WARN_CONSTANT_CONVERSION = YES;
				CLANG_WARN_DEPRECATED_OBJC_IMPLEMENTATIONS = YES;
				CLANG_WARN_DIRECT_OBJC_ISA_USAGE = YES_ERROR;
				CLANG_WARN_DOCUMENTATION_COMMENTS = YES;
				CLANG_WARN_EMPTY_BODY = YES;
				CLANG_WARN_ENUM_CONVERSION = YES;
				CLANG_WARN_INFINITE_RECURSION = YES;
				CLANG_WARN_INT_CONVERSION = YES;
				CLANG_WARN_NON_LITERAL_NULL_CONVERSION = YES;
				CLANG_WARN_OBJC_IMPLICIT_RETAIN_SELF = YES;
				CLANG_WARN_OBJC_LITERAL_CONVERSION = YES;
				CLANG_WARN_OBJC_ROOT_CLASS = YES_ERROR;
				CLANG_WARN_QUOTED_INCLUDE_IN_FRAMEWORK_HEADER = YES;
				CLANG_WARN_RANGE_LOOP_ANALYSIS = YES;
				CLANG_WARN_STRICT_PROTOTYPES = YES;
				CLANG_WARN_SUSPICIOUS_MOVE = YES;
				CLANG_WARN_UNGUARDED_AVAILABILITY = YES_AGGRESSIVE;
				CLANG_WARN_UNREACHABLE_CODE = YES;
				CLANG_WARN__DUPLICATE_METHOD_MATCH = YES;
				COPY_PHASE_STRIP = NO;
				DEAD_CODE_STRIPPING = YES;
				DEBUG_INFORMATION_FORMAT = dwarf;
				ENABLE_STRICT_OBJC_MSGSEND = YES;
				ENABLE_TESTABILITY = YES;
				GCC_C_LANGUAGE_STANDARD = gnu11;
				GCC_DYNAMIC_NO_PIC = NO;
				GCC_NO_COMMON_BLOCKS = YES;
				GCC_OPTIMIZATION_LEVEL = 0;
				GCC_PREPROCESSOR_DEFINITIONS = (
					"DEBUG=1",
					"$(inherited)",
				);
				GCC_WARN_64_TO_32_BIT_CONVERSION = YES;
				GCC_WARN_ABOUT_RETURN_TYPE = YES_ERROR;
				GCC_WARN_UNDECLARED_SELECTOR = YES;
				GCC_WARN_UNINITIALIZED_AUTOS = YES_AGGRESSIVE;
				GCC_WARN_UNUSED_FUNCTION = YES;
				GCC_WARN_UNUSED_VARIABLE = YES;
				MTL_ENABLE_DEBUG_INFO = INCLUDE_SOURCE;
				MTL_FAST_MATH = YES;
				ONLY_ACTIVE_ARCH = YES;
				SWIFT_ACTIVE_COMPILATION_CONDITIONS = DEBUG;
				SWIFT_OPTIMIZATION_LEVEL = "-Onone";
			};
			name = Debug;
		};
		C62B1E7F287491320082D23D /* Release */ = {
			isa = XCBuildConfiguration;
			buildSettings = {
				ALWAYS_SEARCH_USER_PATHS = NO;
				CLANG_ANALYZER_NONNULL = YES;
				CLANG_ANALYZER_NUMBER_OBJECT_CONVERSION = YES_AGGRESSIVE;
				CLANG_CXX_LANGUAGE_STANDARD = "gnu++17";
				CLANG_ENABLE_MODULES = YES;
				CLANG_ENABLE_OBJC_ARC = YES;
				CLANG_ENABLE_OBJC_WEAK = YES;
				CLANG_WARN_BLOCK_CAPTURE_AUTORELEASING = YES;
				CLANG_WARN_BOOL_CONVERSION = YES;
				CLANG_WARN_COMMA = YES;
				CLANG_WARN_CONSTANT_CONVERSION = YES;
				CLANG_WARN_DEPRECATED_OBJC_IMPLEMENTATIONS = YES;
				CLANG_WARN_DIRECT_OBJC_ISA_USAGE = YES_ERROR;
				CLANG_WARN_DOCUMENTATION_COMMENTS = YES;
				CLANG_WARN_EMPTY_BODY = YES;
				CLANG_WARN_ENUM_CONVERSION = YES;
				CLANG_WARN_INFINITE_RECURSION = YES;
				CLANG_WARN_INT_CONVERSION = YES;
				CLANG_WARN_NON_LITERAL_NULL_CONVERSION = YES;
				CLANG_WARN_OBJC_IMPLICIT_RETAIN_SELF = YES;
				CLANG_WARN_OBJC_LITERAL_CONVERSION = YES;
				CLANG_WARN_OBJC_ROOT_CLASS = YES_ERROR;
				CLANG_WARN_QUOTED_INCLUDE_IN_FRAMEWORK_HEADER = YES;
				CLANG_WARN_RANGE_LOOP_ANALYSIS = YES;
				CLANG_WARN_STRICT_PROTOTYPES = YES;
				CLANG_WARN_SUSPICIOUS_MOVE = YES;
				CLANG_WARN_UNGUARDED_AVAILABILITY = YES_AGGRESSIVE;
				CLANG_WARN_UNREACHABLE_CODE = YES;
				CLANG_WARN__DUPLICATE_METHOD_MATCH = YES;
				COPY_PHASE_STRIP = NO;
				DEAD_CODE_STRIPPING = YES;
				DEBUG_INFORMATION_FORMAT = "dwarf-with-dsym";
				ENABLE_NS_ASSERTIONS = NO;
				ENABLE_STRICT_OBJC_MSGSEND = YES;
				GCC_C_LANGUAGE_STANDARD = gnu11;
				GCC_NO_COMMON_BLOCKS = YES;
				GCC_WARN_64_TO_32_BIT_CONVERSION = YES;
				GCC_WARN_ABOUT_RETURN_TYPE = YES_ERROR;
				GCC_WARN_UNDECLARED_SELECTOR = YES;
				GCC_WARN_UNINITIALIZED_AUTOS = YES_AGGRESSIVE;
				GCC_WARN_UNUSED_FUNCTION = YES;
				GCC_WARN_UNUSED_VARIABLE = YES;
				MTL_ENABLE_DEBUG_INFO = NO;
				MTL_FAST_MATH = YES;
				SWIFT_COMPILATION_MODE = wholemodule;
				SWIFT_OPTIMIZATION_LEVEL = "-O";
			};
			name = Release;
		};
		C62B1E81287491320082D23D /* Debug */ = {
			isa = XCBuildConfiguration;
			buildSettings = {
				ASSETCATALOG_COMPILER_APPICON_NAME = AppIcon;
				ASSETCATALOG_COMPILER_GLOBAL_ACCENT_COLOR_NAME = AccentColor;
				CODE_SIGN_ENTITLEMENTS = TricksHighlighter/Resources/TricksHighlighter.entitlements;
				CODE_SIGN_IDENTITY = "-";
				CODE_SIGN_STYLE = Automatic;
				CURRENT_PROJECT_VERSION = 1;
				DEAD_CODE_STRIPPING = YES;
				DEVELOPMENT_ASSET_PATHS = "\"TricksHighlighter/Preview Content\"";
				DEVELOPMENT_TEAM = "";
				ENABLE_PREVIEWS = YES;
				GENERATE_INFOPLIST_FILE = YES;
				"INFOPLIST_KEY_UILaunchScreen_Generation[sdk=iphoneos*]" = YES;
				"INFOPLIST_KEY_UILaunchScreen_Generation[sdk=iphonesimulator*]" = YES;
				INFOPLIST_KEY_UISupportedInterfaceOrientations_iPad = "UIInterfaceOrientationPortrait UIInterfaceOrientationPortraitUpsideDown UIInterfaceOrientationLandscapeLeft UIInterfaceOrientationLandscapeRight";
				INFOPLIST_KEY_UISupportedInterfaceOrientations_iPhone = "UIInterfaceOrientationPortrait UIInterfaceOrientationLandscapeLeft UIInterfaceOrientationLandscapeRight";
				IPHONEOS_DEPLOYMENT_TARGET = 16.0;
				LD_RUNPATH_SEARCH_PATHS = "@executable_path/Frameworks";
				"LD_RUNPATH_SEARCH_PATHS[sdk=macosx*]" = "@executable_path/../Frameworks";
				MACOSX_DEPLOYMENT_TARGET = 13.0;
				MARKETING_VERSION = 1.0;
				PRODUCT_BUNDLE_IDENTIFIER = com.app.highlighter;
				PRODUCT_NAME = "$(TARGET_NAME)";
				SDKROOT = auto;
				SUPPORTED_PLATFORMS = "iphoneos iphonesimulator macosx";
				SUPPORTS_MACCATALYST = NO;
				SUPPORTS_MAC_DESIGNED_FOR_IPHONE_IPAD = NO;
				SWIFT_EMIT_LOC_STRINGS = YES;
				SWIFT_VERSION = 5.0;
				TARGETED_DEVICE_FAMILY = "1,2";
			};
			name = Debug;
		};
		C62B1E82287491320082D23D /* Release */ = {
			isa = XCBuildConfiguration;
			buildSettings = {
				ASSETCATALOG_COMPILER_APPICON_NAME = AppIcon;
				ASSETCATALOG_COMPILER_GLOBAL_ACCENT_COLOR_NAME = AccentColor;
				CODE_SIGN_ENTITLEMENTS = TricksHighlighter/Resources/TricksHighlighter.entitlements;
				CODE_SIGN_IDENTITY = "-";
				CODE_SIGN_STYLE = Automatic;
				CURRENT_PROJECT_VERSION = 1;
				DEAD_CODE_STRIPPING = YES;
				DEVELOPMENT_ASSET_PATHS = "\"TricksHighlighter/Preview Content\"";
				DEVELOPMENT_TEAM = "";
				ENABLE_PREVIEWS = YES;
				GENERATE_INFOPLIST_FILE = YES;
				"INFOPLIST_KEY_UILaunchScreen_Generation[sdk=iphoneos*]" = YES;
				"INFOPLIST_KEY_UILaunchScreen_Generation[sdk=iphonesimulator*]" = YES;
				INFOPLIST_KEY_UISupportedInterfaceOrientations_iPad = "UIInterfaceOrientationPortrait UIInterfaceOrientationPortraitUpsideDown UIInterfaceOrientationLandscapeLeft UIInterfaceOrientationLandscapeRight";
				INFOPLIST_KEY_UISupportedInterfaceOrientations_iPhone = "UIInterfaceOrientationPortrait UIInterfaceOrientationLandscapeLeft UIInterfaceOrientationLandscapeRight";
				IPHONEOS_DEPLOYMENT_TARGET = 16.0;
				LD_RUNPATH_SEARCH_PATHS = "@executable_path/Frameworks";
				"LD_RUNPATH_SEARCH_PATHS[sdk=macosx*]" = "@executable_path/../Frameworks";
				MACOSX_DEPLOYMENT_TARGET = 13.0;
				MARKETING_VERSION = 1.0;
				PRODUCT_BUNDLE_IDENTIFIER = com.app.highlighter;
				PRODUCT_NAME = "$(TARGET_NAME)";
				SDKROOT = auto;
				SUPPORTED_PLATFORMS = "iphoneos iphonesimulator macosx";
				SUPPORTS_MACCATALYST = NO;
				SUPPORTS_MAC_DESIGNED_FOR_IPHONE_IPAD = NO;
				SWIFT_EMIT_LOC_STRINGS = YES;
				SWIFT_VERSION = 5.0;
				TARGETED_DEVICE_FAMILY = "1,2";
			};
			name = Release;
		};
/* End XCBuildConfiguration section */

/* Begin XCConfigurationList section */
		C62B1E6C287491320082D23D /* Build configuration list for PBXProject "TricksHighlighter" */ = {
			isa = XCConfigurationList;
			buildConfigurations = (
				C62B1E7E287491320082D23D /* Debug */,
				C62B1E7F287491320082D23D /* Release */,
			);
			defaultConfigurationIsVisible = 0;
			defaultConfigurationName = Release;
		};
		C62B1E80287491320082D23D /* Build configuration list for PBXNativeTarget "TricksHighlighter" */ = {
			isa = XCConfigurationList;
			buildConfigurations = (
				C62B1E81287491320082D23D /* Debug */,
				C62B1E82287491320082D23D /* Release */,
			);
			defaultConfigurationIsVisible = 0;
			defaultConfigurationName = Release;
		};
/* End XCConfigurationList section */

/* Begin XCRemoteSwiftPackageReference section */
		C6A9ED612956FA2D0025CE08 /* XCRemoteSwiftPackageReference "CodeEditor" */ = {
			isa = XCRemoteSwiftPackageReference;
			repositoryURL = "https://github.com/ZeeZide/CodeEditor.git";
			requirement = {
				branch = main;
				kind = branch;
			};
		};
/* End XCRemoteSwiftPackageReference section */

/* Begin XCSwiftPackageProductDependency section */
		C6A9ED622956FA2D0025CE08 /* CodeEditor */ = {
			isa = XCSwiftPackageProductDependency;
			package = C6A9ED612956FA2D0025CE08 /* XCRemoteSwiftPackageReference "CodeEditor" */;
			productName = CodeEditor;
		};
/* End XCSwiftPackageProductDependency section */
	};
	rootObject = C62B1E69287491320082D23D /* Project object */;
}
