{
  "pins" : [
    {
      "identity" : "highlighter",
      "kind" : "remoteSourceControl",
      "location" : "https://github.com/Rminsh/Highlighter",
      "state" : {
        "branch" : "master",
        "revision" : "d4dd0e742128da12db3ed50a43500eabac4ad46e"
      }
    }
  ],
  "version" : 2
}
