{
  "pins" : [
    {
      "identity" : "highlighter",
      "kind" : "remoteSourceControl",
      "location" : "https://github.com/Rminsh/Highlighter",
      "state" : {
        "branch" : "master",
        "revision" : "6c2a6743c2728dee61e8587e929c5ab3f49ce9f5"
      }
    }
  ],
  "version" : 2
}
